
Microsoft Visual Studio Solution File, Format Version 12.00
# Visual Studio 15
VisualStudioVersion = 15.0.28010.2003
MinimumVisualStudioVersion = 10.0.40219.1
Project("{FAE04EC0-301F-11D3-BF4B-00C04F79EFBC}") = "Week1Assignment2Question3", "Week1Assignment2Question3\Week1Assignment2Question3.csproj", "{5066F91C-80DB-4FBE-AE07-F90C4124A21D}"
EndProject
Global
	GlobalSection(SolutionConfigurationPlatforms) = preSolution
		Debug|Any CPU = Debug|Any CPU
		Release|Any CPU = Release|Any CPU
	EndGlobalSection
	GlobalSection(ProjectConfigurationPlatforms) = postSolution
		{5066F91C-80DB-4FBE-AE07-F90C4124A21D}.Debug|Any CPU.ActiveCfg = Debug|Any CPU
		{5066F91C-80DB-4FBE-AE07-F90C4124A21D}.Debug|Any CPU.Build.0 = Debug|Any CPU
		{5066F91C-80DB-4FBE-AE07-F90C4124A21D}.Release|Any CPU.ActiveCfg = Release|Any CPU
		{5066F91C-80DB-4FBE-AE07-F90C4124A21D}.Release|Any CPU.Build.0 = Release|Any CPU
	EndGlobalSection
	GlobalSection(SolutionProperties) = preSolution
		HideSolutionNode = FALSE
	EndGlobalSection
	GlobalSection(ExtensibilityGlobals) = postSolution
		SolutionGuid = {7D734085-2083-4C21-8713-5938F1D0474B}
	EndGlobalSection
EndGlobal
